
Microsoft Visual Studio Solution File, Format Version 12.00
# Visual Studio Version 17
VisualStudioVersion = 17.2.32630.192
MinimumVisualStudioVersion = 10.0.40219.1
Project("{FAE04EC0-301F-11D3-BF4B-00C04F79EFBC}") = "SignalRChat", "SignalRChat\SignalRChat.csproj", "{FEC962A4-2596-4846-8C31-D3FBFDAF63F8}"
EndProject
Global
	GlobalSection(SolutionConfigurationPlatforms) = preSolution
		Debug|Any CPU = Debug|Any CPU
		Release|Any CPU = Release|Any CPU
	EndGlobalSection
	GlobalSection(ProjectConfigurationPlatforms) = postSolution
		{FEC962A4-2596-4846-8C31-D3FBFDAF63F8}.Debug|Any CPU.ActiveCfg = Debug|Any CPU
		{FEC962A4-2596-4846-8C31-D3FBFDAF63F8}.Debug|Any CPU.Build.0 = Debug|Any CPU
		{FEC962A4-2596-4846-8C31-D3FBFDAF63F8}.Release|Any CPU.ActiveCfg = Release|Any CPU
		{FEC962A4-2596-4846-8C31-D3FBFDAF63F8}.Release|Any CPU.Build.0 = Release|Any CPU
	EndGlobalSection
	GlobalSection(SolutionProperties) = preSolution
		HideSolutionNode = FALSE
	EndGlobalSection
	GlobalSection(ExtensibilityGlobals) = postSolution
		SolutionGuid = {AB894A5F-BA3A-47DD-BE02-E42B6D327429}
	EndGlobalSection
EndGlobal
